// !$*UTF8*$!
{
	archiveVersion = 1;
	classes = {
	};
	objectVersion = 56;
	objects = {

/* Begin PBXBuildFile section */
		B7FF40372D0DFB5700457101 /* AppMovilApp.swift in Sources */ = {isa = PBXBuildFile; fileRef = B7FF40362D0DFB5700457101 /* AppMovilApp.swift */; };
		B7FF403B2D0DFB5800457101 /* Assets.xcassets in Resources */ = {isa = PBXBuildFile; fileRef = B7FF403A2D0DFB5800457101 /* Assets.xcassets */; };
		B7FF403E2D0DFB5800457101 /* Preview Assets.xcassets in Resources */ = {isa = PBXBuildFile; fileRef = B7FF403D2D0DFB5800457101 /* Preview Assets.xcassets */; };
		B7FF40402D0DFB5800457101 /* PersistenceController.swift in Sources */ = {isa = PBXBuildFile; fileRef = B7FF403F2D0DFB5800457101 /* PersistenceController.swift */; };
		B7FF40432D0DFB5800457101 /* AppMovil.xcdatamodeld in Sources */ = {isa = PBXBuildFile; fileRef = B7FF40412D0DFB5800457101 /* AppMovil.xcdatamodeld */; };
		B7FF404E2D0DFD9700457101 /* TaskEntity.swift in Sources */ = {isa = PBXBuildFile; fileRef = B7FF404D2D0DFD9700457101 /* TaskEntity.swift */; };
		B7FF40502D0DFE7B00457101 /* Note.swift in Sources */ = {isa = PBXBuildFile; fileRef = B7FF404F2D0DFE7B00457101 /* Note.swift */; };
		B7FF40522D0DFE9D00457101 /* TaskListViewModel.swift in Sources */ = {isa = PBXBuildFile; fileRef = B7FF40512D0DFE9D00457101 /* TaskListViewModel.swift */; };
		B7FF40542D0DFED500457101 /* NoteListViewModel.swift in Sources */ = {isa = PBXBuildFile; fileRef = B7FF40532D0DFED500457101 /* NoteListViewModel.swift */; };
		B7FF40562D0DFF9700457101 /* TaskListView.swift in Sources */ = {isa = PBXBuildFile; fileRef = B7FF40552D0DFF9700457101 /* TaskListView.swift */; };
		B7FF40582D0DFFAE00457101 /* NoteListView.swift in Sources */ = {isa = PBXBuildFile; fileRef = B7FF40572D0DFFAE00457101 /* NoteListView.swift */; };
		B7FF405C2D0E02D300457101 /* HomeView.swift in Sources */ = {isa = PBXBuildFile; fileRef = B7FF405B2D0E02D300457101 /* HomeView.swift */; };
		B7FF405E2D0E056C00457101 /* NewNoteView.swift in Sources */ = {isa = PBXBuildFile; fileRef = B7FF405D2D0E056C00457101 /* NewNoteView.swift */; };
		B7FF40602D0E05A200457101 /* DetailNoteView.swift in Sources */ = {isa = PBXBuildFile; fileRef = B7FF405F2D0E05A200457101 /* DetailNoteView.swift */; };
		B7FF40662D0E234C00457101 /* TaskDetailView.swift in Sources */ = {isa = PBXBuildFile; fileRef = B7FF40652D0E234C00457101 /* TaskDetailView.swift */; };
/* End PBXBuildFile section */

/* Begin PBXFileReference section */
		B7FF40332D0DFB5700457101 /* AppMovil.app */ = {isa = PBXFileReference; explicitFileType = wrapper.application; includeInIndex = 0; path = AppMovil.app; sourceTree = BUILT_PRODUCTS_DIR; };
		B7FF40362D0DFB5700457101 /* AppMovilApp.swift */ = {isa = PBXFileReference; lastKnownFileType = sourcecode.swift; path = AppMovilApp.swift; sourceTree = "<group>"; };
		B7FF403A2D0DFB5800457101 /* Assets.xcassets */ = {isa = PBXFileReference; lastKnownFileType = folder.assetcatalog; path = Assets.xcassets; sourceTree = "<group>"; };
		B7FF403D2D0DFB5800457101 /* Preview Assets.xcassets */ = {isa = PBXFileReference; lastKnownFileType = folder.assetcatalog; path = "Preview Assets.xcassets"; sourceTree = "<group>"; };
		B7FF403F2D0DFB5800457101 /* PersistenceController.swift */ = {isa = PBXFileReference; lastKnownFileType = sourcecode.swift; path = PersistenceController.swift; sourceTree = "<group>"; };
		B7FF40422D0DFB5800457101 /* AppMovil.xcdatamodel */ = {isa = PBXFileReference; lastKnownFileType = wrapper.xcdatamodel; path = AppMovil.xcdatamodel; sourceTree = "<group>"; };
		B7FF404D2D0DFD9700457101 /* TaskEntity.swift */ = {isa = PBXFileReference; lastKnownFileType = sourcecode.swift; path = TaskEntity.swift; sourceTree = "<group>"; };
		B7FF404F2D0DFE7B00457101 /* Note.swift */ = {isa = PBXFileReference; lastKnownFileType = sourcecode.swift; path = Note.swift; sourceTree = "<group>"; };
		B7FF40512D0DFE9D00457101 /* TaskListViewModel.swift */ = {isa = PBXFileReference; lastKnownFileType = sourcecode.swift; path = TaskListViewModel.swift; sourceTree = "<group>"; };
		B7FF40532D0DFED500457101 /* NoteListViewModel.swift */ = {isa = PBXFileReference; lastKnownFileType = sourcecode.swift; path = NoteListViewModel.swift; sourceTree = "<group>"; };
		B7FF40552D0DFF9700457101 /* TaskListView.swift */ = {isa = PBXFileReference; lastKnownFileType = sourcecode.swift; path = TaskListView.swift; sourceTree = "<group>"; };
		B7FF40572D0DFFAE00457101 /* NoteListView.swift */ = {isa = PBXFileReference; lastKnownFileType = sourcecode.swift; path = NoteListView.swift; sourceTree = "<group>"; };
		B7FF405B2D0E02D300457101 /* HomeView.swift */ = {isa = PBXFileReference; lastKnownFileType = sourcecode.swift; path = HomeView.swift; sourceTree = "<group>"; };
		B7FF405D2D0E056C00457101 /* NewNoteView.swift */ = {isa = PBXFileReference; lastKnownFileType = sourcecode.swift; path = NewNoteView.swift; sourceTree = "<group>"; };
		B7FF405F2D0E05A200457101 /* DetailNoteView.swift */ = {isa = PBXFileReference; lastKnownFileType = sourcecode.swift; path = DetailNoteView.swift; sourceTree = "<group>"; };
		B7FF40652D0E234C00457101 /* TaskDetailView.swift */ = {isa = PBXFileReference; lastKnownFileType = sourcecode.swift; path = TaskDetailView.swift; sourceTree = "<group>"; };
/* End PBXFileReference section */

/* Begin PBXFrameworksBuildPhase section */
		B7FF40302D0DFB5700457101 /* Frameworks */ = {
			isa = PBXFrameworksBuildPhase;
			buildActionMask = 2147483647;
			files = (
			);
			runOnlyForDeploymentPostprocessing = 0;
		};
/* End PBXFrameworksBuildPhase section */

/* Begin PBXGroup section */
		B7FF402A2D0DFB5700457101 = {
			isa = PBXGroup;
			children = (
				B7FF40352D0DFB5700457101 /* AppMovil */,
				B7FF40342D0DFB5700457101 /* Products */,
			);
			sourceTree = "<group>";
		};
		B7FF40342D0DFB5700457101 /* Products */ = {
			isa = PBXGroup;
			children = (
				B7FF40332D0DFB5700457101 /* AppMovil.app */,
			);
			name = Products;
			sourceTree = "<group>";
		};
		B7FF40352D0DFB5700457101 /* AppMovil */ = {
			isa = PBXGroup;
			children = (
				B7FF404C2D0DFC2A00457101 /* View */,
				B7FF404B2D0DFC1700457101 /* ViewModels */,
				B7FF404A2D0DFC0600457101 /* Models */,
				B7FF40492D0DFBF800457101 /* Service */,
				B7FF40362D0DFB5700457101 /* AppMovilApp.swift */,
				B7FF403A2D0DFB5800457101 /* Assets.xcassets */,
				B7FF40412D0DFB5800457101 /* AppMovil.xcdatamodeld */,
				B7FF403C2D0DFB5800457101 /* Preview Content */,
			);
			path = AppMovil;
			sourceTree = "<group>";
		};
		B7FF403C2D0DFB5800457101 /* Preview Content */ = {
			isa = PBXGroup;
			children = (
				B7FF403D2D0DFB5800457101 /* Preview Assets.xcassets */,
			);
			path = "Preview Content";
			sourceTree = "<group>";
		};
		B7FF40492D0DFBF800457101 /* Service */ = {
			isa = PBXGroup;
			children = (
				B7FF403F2D0DFB5800457101 /* PersistenceController.swift */,
			);
			path = Service;
			sourceTree = "<group>";
		};
		B7FF404A2D0DFC0600457101 /* Models */ = {
			isa = PBXGroup;
			children = (
				B7FF404D2D0DFD9700457101 /* TaskEntity.swift */,
				B7FF404F2D0DFE7B00457101 /* Note.swift */,
			);
			name = Models;
			sourceTree = "<group>";
		};
		B7FF404B2D0DFC1700457101 /* ViewModels */ = {
			isa = PBXGroup;
			children = (
				B7FF40512D0DFE9D00457101 /* TaskListViewModel.swift */,
				B7FF40532D0DFED500457101 /* NoteListViewModel.swift */,
			);
			path = ViewModels;
			sourceTree = "<group>";
		};
		B7FF404C2D0DFC2A00457101 /* View */ = {
			isa = PBXGroup;
			children = (
				B7FF40552D0DFF9700457101 /* TaskListView.swift */,
				B7FF40572D0DFFAE00457101 /* NoteListView.swift */,
				B7FF405B2D0E02D300457101 /* HomeView.swift */,
				B7FF405D2D0E056C00457101 /* NewNoteView.swift */,
				B7FF405F2D0E05A200457101 /* DetailNoteView.swift */,
				B7FF40652D0E234C00457101 /* TaskDetailView.swift */,
			);
			path = View;
			sourceTree = "<group>";
		};
/* End PBXGroup section */

/* Begin PBXNativeTarget section */
		B7FF40322D0DFB5700457101 /* AppMovil */ = {
			isa = PBXNativeTarget;
			buildConfigurationList = B7FF40462D0DFB5800457101 /* Build configuration list for PBXNativeTarget "AppMovil" */;
			buildPhases = (
				B7FF402F2D0DFB5700457101 /* Sources */,
				B7FF40302D0DFB5700457101 /* Frameworks */,
				B7FF40312D0DFB5700457101 /* Resources */,
			);
			buildRules = (
			);
			dependencies = (
			);
			name = AppMovil;
			productName = AppMovil;
			productReference = B7FF40332D0DFB5700457101 /* AppMovil.app */;
			productType = "com.apple.product-type.application";
		};
/* End PBXNativeTarget section */

/* Begin PBXProject section */
		B7FF402B2D0DFB5700457101 /* Project object */ = {
			isa = PBXProject;
			attributes = {
				BuildIndependentTargetsInParallel = 1;
				LastSwiftUpdateCheck = 1520;
				LastUpgradeCheck = 1520;
				TargetAttributes = {
					B7FF40322D0DFB5700457101 = {
						CreatedOnToolsVersion = 15.2;
					};
				};
			};
			buildConfigurationList = B7FF402E2D0DFB5700457101 /* Build configuration list for PBXProject "AppMovil" */;
			compatibilityVersion = "Xcode 14.0";
			developmentRegion = en;
			hasScannedForEncodings = 0;
			knownRegions = (
				en,
				Base,
			);
			mainGroup = B7FF402A2D0DFB5700457101;
			productRefGroup = B7FF40342D0DFB5700457101 /* Products */;
			projectDirPath = "";
			projectRoot = "";
			targets = (
				B7FF40322D0DFB5700457101 /* AppMovil */,
			);
		};
/* End PBXProject section */

/* Begin PBXResourcesBuildPhase section */
		B7FF40312D0DFB5700457101 /* Resources */ = {
			isa = PBXResourcesBuildPhase;
			buildActionMask = 2147483647;
			files = (
				B7FF403E2D0DFB5800457101 /* Preview Assets.xcassets in Resources */,
				B7FF403B2D0DFB5800457101 /* Assets.xcassets in Resources */,
			);
			runOnlyForDeploymentPostprocessing = 0;
		};
/* End PBXResourcesBuildPhase section */

/* Begin PBXSourcesBuildPhase section */
		B7FF402F2D0DFB5700457101 /* Sources */ = {
			isa = PBXSourcesBuildPhase;
			buildActionMask = 2147483647;
			files = (
				B7FF40662D0E234C00457101 /* TaskDetailView.swift in Sources */,
				B7FF40502D0DFE7B00457101 /* Note.swift in Sources */,
				B7FF404E2D0DFD9700457101 /* TaskEntity.swift in Sources */,
				B7FF40582D0DFFAE00457101 /* NoteListView.swift in Sources */,
				B7FF405C2D0E02D300457101 /* HomeView.swift in Sources */,
				B7FF40402D0DFB5800457101 /* PersistenceController.swift in Sources */,
				B7FF405E2D0E056C00457101 /* NewNoteView.swift in Sources */,
				B7FF40432D0DFB5800457101 /* AppMovil.xcdatamodeld in Sources */,
				B7FF40602D0E05A200457101 /* DetailNoteView.swift in Sources */,
				B7FF40372D0DFB5700457101 /* AppMovilApp.swift in Sources */,
				B7FF40542D0DFED500457101 /* NoteListViewModel.swift in Sources */,
				B7FF40522D0DFE9D00457101 /* TaskListViewModel.swift in Sources */,
				B7FF40562D0DFF9700457101 /* TaskListView.swift in Sources */,
			);
			runOnlyForDeploymentPostprocessing = 0;
		};
/* End PBXSourcesBuildPhase section */

/* Begin XCBuildConfiguration section */
		B7FF40442D0DFB5800457101 /* Debug */ = {
			isa = XCBuildConfiguration;
			buildSettings = {
				ALWAYS_SEARCH_USER_PATHS = NO;
				ASSETCATALOG_COMPILER_GENERATE_SWIFT_ASSET_SYMBOL_EXTENSIONS = YES;
				CLANG_ANALYZER_NONNULL = YES;
				CLANG_ANALYZER_NUMBER_OBJECT_CONVERSION = YES_AGGRESSIVE;
				CLANG_CXX_LANGUAGE_STANDARD = "gnu++20";
				CLANG_ENABLE_MODULES = YES;
				CLANG_ENABLE_OBJC_ARC = YES;
				CLANG_ENABLE_OBJC_WEAK = YES;
				CLANG_WARN_BLOCK_CAPTURE_AUTORELEASING = YES;
				CLANG_WARN_BOOL_CONVERSION = YES;
				CLANG_WARN_COMMA = YES;
				CLANG_WARN_CONSTANT_CONVERSION = YES;
				CLANG_WARN_DEPRECATED_OBJC_IMPLEMENTATIONS = YES;
				CLANG_WARN_DIRECT_OBJC_ISA_USAGE = YES_ERROR;
				CLANG_WARN_DOCUMENTATION_COMMENTS = YES;
				CLANG_WARN_EMPTY_BODY = YES;
				CLANG_WARN_ENUM_CONVERSION = YES;
				CLANG_WARN_INFINITE_RECURSION = YES;
				CLANG_WARN_INT_CONVERSION = YES;
				CLANG_WARN_NON_LITERAL_NULL_CONVERSION = YES;
				CLANG_WARN_OBJC_IMPLICIT_RETAIN_SELF = YES;
				CLANG_WARN_OBJC_LITERAL_CONVERSION = YES;
				CLANG_WARN_OBJC_ROOT_CLASS = YES_ERROR;
				CLANG_WARN_QUOTED_INCLUDE_IN_FRAMEWORK_HEADER = YES;
				CLANG_WARN_RANGE_LOOP_ANALYSIS = YES;
				CLANG_WARN_STRICT_PROTOTYPES = YES;
				CLANG_WARN_SUSPICIOUS_MOVE = YES;
				CLANG_WARN_UNGUARDED_AVAILABILITY = YES_AGGRESSIVE;
				CLANG_WARN_UNREACHABLE_CODE = YES;
				CLANG_WARN__DUPLICATE_METHOD_MATCH = YES;
				COPY_PHASE_STRIP = NO;
				DEBUG_INFORMATION_FORMAT = dwarf;
				ENABLE_STRICT_OBJC_MSGSEND = YES;
				ENABLE_TESTABILITY = YES;
				ENABLE_USER_SCRIPT_SANDBOXING = YES;
				GCC_C_LANGUAGE_STANDARD = gnu17;
				GCC_DYNAMIC_NO_PIC = NO;
				GCC_NO_COMMON_BLOCKS = YES;
				GCC_OPTIMIZATION_LEVEL = 0;
				GCC_PREPROCESSOR_DEFINITIONS = (
					"DEBUG=1",
					"$(inherited)",
				);
				GCC_WARN_64_TO_32_BIT_CONVERSION = YES;
				GCC_WARN_ABOUT_RETURN_TYPE = YES_ERROR;
				GCC_WARN_UNDECLARED_SELECTOR = YES;
				GCC_WARN_UNINITIALIZED_AUTOS = YES_AGGRESSIVE;
				GCC_WARN_UNUSED_FUNCTION = YES;
				GCC_WARN_UNUSED_VARIABLE = YES;
				IPHONEOS_DEPLOYMENT_TARGET = 17.2;
				LOCALIZATION_PREFERS_STRING_CATALOGS = YES;
				MTL_ENABLE_DEBUG_INFO = INCLUDE_SOURCE;
				MTL_FAST_MATH = YES;
				ONLY_ACTIVE_ARCH = YES;
				SDKROOT = iphoneos;
				SWIFT_ACTIVE_COMPILATION_CONDITIONS = "DEBUG $(inherited)";
				SWIFT_OPTIMIZATION_LEVEL = "-Onone";
			};
			name = Debug;
		};
		B7FF40452D0DFB5800457101 /* Release */ = {
			isa = XCBuildConfiguration;
			buildSettings = {
				ALWAYS_SEARCH_USER_PATHS = NO;
				ASSETCATALOG_COMPILER_GENERATE_SWIFT_ASSET_SYMBOL_EXTENSIONS = YES;
				CLANG_ANALYZER_NONNULL = YES;
				CLANG_ANALYZER_NUMBER_OBJECT_CONVERSION = YES_AGGRESSIVE;
				CLANG_CXX_LANGUAGE_STANDARD = "gnu++20";
				CLANG_ENABLE_MODULES = YES;
				CLANG_ENABLE_OBJC_ARC = YES;
				CLANG_ENABLE_OBJC_WEAK = YES;
				CLANG_WARN_BLOCK_CAPTURE_AUTORELEASING = YES;
				CLANG_WARN_BOOL_CONVERSION = YES;
				CLANG_WARN_COMMA = YES;
				CLANG_WARN_CONSTANT_CONVERSION = YES;
				CLANG_WARN_DEPRECATED_OBJC_IMPLEMENTATIONS = YES;
				CLANG_WARN_DIRECT_OBJC_ISA_USAGE = YES_ERROR;
				CLANG_WARN_DOCUMENTATION_COMMENTS = YES;
				CLANG_WARN_EMPTY_BODY = YES;
				CLANG_WARN_ENUM_CONVERSION = YES;
				CLANG_WARN_INFINITE_RECURSION = YES;
				CLANG_WARN_INT_CONVERSION = YES;
				CLANG_WARN_NON_LITERAL_NULL_CONVERSION = YES;
				CLANG_WARN_OBJC_IMPLICIT_RETAIN_SELF = YES;
				CLANG_WARN_OBJC_LITERAL_CONVERSION = YES;
				CLANG_WARN_OBJC_ROOT_CLASS = YES_ERROR;
				CLANG_WARN_QUOTED_INCLUDE_IN_FRAMEWORK_HEADER = YES;
				CLANG_WARN_RANGE_LOOP_ANALYSIS = YES;
				CLANG_WARN_STRICT_PROTOTYPES = YES;
				CLANG_WARN_SUSPICIOUS_MOVE = YES;
				CLANG_WARN_UNGUARDED_AVAILABILITY = YES_AGGRESSIVE;
				CLANG_WARN_UNREACHABLE_CODE = YES;
				CLANG_WARN__DUPLICATE_METHOD_MATCH = YES;
				COPY_PHASE_STRIP = NO;
				DEBUG_INFORMATION_FORMAT = "dwarf-with-dsym";
				ENABLE_NS_ASSERTIONS = NO;
				ENABLE_STRICT_OBJC_MSGSEND = YES;
				ENABLE_USER_SCRIPT_SANDBOXING = YES;
				GCC_C_LANGUAGE_STANDARD = gnu17;
				GCC_NO_COMMON_BLOCKS = YES;
				GCC_WARN_64_TO_32_BIT_CONVERSION = YES;
				GCC_WARN_ABOUT_RETURN_TYPE = YES_ERROR;
				GCC_WARN_UNDECLARED_SELECTOR = YES;
				GCC_WARN_UNINITIALIZED_AUTOS = YES_AGGRESSIVE;
				GCC_WARN_UNUSED_FUNCTION = YES;
				GCC_WARN_UNUSED_VARIABLE = YES;
				IPHONEOS_DEPLOYMENT_TARGET = 17.2;
				LOCALIZATION_PREFERS_STRING_CATALOGS = YES;
				MTL_ENABLE_DEBUG_INFO = NO;
				MTL_FAST_MATH = YES;
				SDKROOT = iphoneos;
				SWIFT_COMPILATION_MODE = wholemodule;
				VALIDATE_PRODUCT = YES;
			};
			name = Release;
		};
		B7FF40472D0DFB5800457101 /* Debug */ = {
			isa = XCBuildConfiguration;
			buildSettings = {
				ASSETCATALOG_COMPILER_APPICON_NAME = AppIcon;
				ASSETCATALOG_COMPILER_GLOBAL_ACCENT_COLOR_NAME = AccentColor;
				CODE_SIGN_STYLE = Automatic;
				CURRENT_PROJECT_VERSION = 1;
				DEVELOPMENT_ASSET_PATHS = "\"AppMovil/Preview Content\"";
				ENABLE_PREVIEWS = YES;
				GENERATE_INFOPLIST_FILE = YES;
				INFOPLIST_KEY_UIApplicationSceneManifest_Generation = YES;
				INFOPLIST_KEY_UIApplicationSupportsIndirectInputEvents = YES;
				INFOPLIST_KEY_UILaunchScreen_Generation = YES;
				INFOPLIST_KEY_UISupportedInterfaceOrientations_iPad = "UIInterfaceOrientationPortrait UIInterfaceOrientationPortraitUpsideDown UIInterfaceOrientationLandscapeLeft UIInterfaceOrientationLandscapeRight";
				INFOPLIST_KEY_UISupportedInterfaceOrientations_iPhone = "UIInterfaceOrientationPortrait UIInterfaceOrientationLandscapeLeft UIInterfaceOrientationLandscapeRight";
				LD_RUNPATH_SEARCH_PATHS = (
					"$(inherited)",
					"@executable_path/Frameworks",
				);
				MARKETING_VERSION = 1.0;
				PRODUCT_BUNDLE_IDENTIFIER = com.cibertec.AppMovil;
				PRODUCT_NAME = "$(TARGET_NAME)";
				SWIFT_EMIT_LOC_STRINGS = YES;
				SWIFT_VERSION = 5.0;
				TARGETED_DEVICE_FAMILY = "1,2";
			};
			name = Debug;
		};
		B7FF40482D0DFB5800457101 /* Release */ = {
			isa = XCBuildConfiguration;
			buildSettings = {
				ASSETCATALOG_COMPILER_APPICON_NAME = AppIcon;
				ASSETCATALOG_COMPILER_GLOBAL_ACCENT_COLOR_NAME = AccentColor;
				CODE_SIGN_STYLE = Automatic;
				CURRENT_PROJECT_VERSION = 1;
				DEVELOPMENT_ASSET_PATHS = "\"AppMovil/Preview Content\"";
				ENABLE_PREVIEWS = YES;
				GENERATE_INFOPLIST_FILE = YES;
				INFOPLIST_KEY_UIApplicationSceneManifest_Generation = YES;
				INFOPLIST_KEY_UIApplicationSupportsIndirectInputEvents = YES;
				INFOPLIST_KEY_UILaunchScreen_Generation = YES;
				INFOPLIST_KEY_UISupportedInterfaceOrientations_iPad = "UIInterfaceOrientationPortrait UIInterfaceOrientationPortraitUpsideDown UIInterfaceOrientationLandscapeLeft UIInterfaceOrientationLandscapeRight";
				INFOPLIST_KEY_UISupportedInterfaceOrientations_iPhone = "UIInterfaceOrientationPortrait UIInterfaceOrientationLandscapeLeft UIInterfaceOrientationLandscapeRight";
				LD_RUNPATH_SEARCH_PATHS = (
					"$(inherited)",
					"@executable_path/Frameworks",
				);
				MARKETING_VERSION = 1.0;
				PRODUCT_BUNDLE_IDENTIFIER = com.cibertec.AppMovil;
				PRODUCT_NAME = "$(TARGET_NAME)";
				SWIFT_EMIT_LOC_STRINGS = YES;
				SWIFT_VERSION = 5.0;
				TARGETED_DEVICE_FAMILY = "1,2";
			};
			name = Release;
		};
/* End XCBuildConfiguration section */

/* Begin XCConfigurationList section */
		B7FF402E2D0DFB5700457101 /* Build configuration list for PBXProject "AppMovil" */ = {
			isa = XCConfigurationList;
			buildConfigurations = (
				B7FF40442D0DFB5800457101 /* Debug */,
				B7FF40452D0DFB5800457101 /* Release */,
			);
			defaultConfigurationIsVisible = 0;
			defaultConfigurationName = Release;
		};
		B7FF40462D0DFB5800457101 /* Build configuration list for PBXNativeTarget "AppMovil" */ = {
			isa = XCConfigurationList;
			buildConfigurations = (
				B7FF40472D0DFB5800457101 /* Debug */,
				B7FF40482D0DFB5800457101 /* Release */,
			);
			defaultConfigurationIsVisible = 0;
			defaultConfigurationName = Release;
		};
/* End XCConfigurationList section */

/* Begin XCVersionGroup section */
		B7FF40412D0DFB5800457101 /* AppMovil.xcdatamodeld */ = {
			isa = XCVersionGroup;
			children = (
				B7FF40422D0DFB5800457101 /* AppMovil.xcdatamodel */,
			);
			currentVersion = B7FF40422D0DFB5800457101 /* AppMovil.xcdatamodel */;
			path = AppMovil.xcdatamodeld;
			sourceTree = "<group>";
			versionGroupType = wrapper.xcdatamodel;
		};
/* End XCVersionGroup section */
	};
	rootObject = B7FF402B2D0DFB5700457101 /* Project object */;
}
