// !$*UTF8*$!
{
	archiveVersion = 1;
	classes = {
	};
	objectVersion = 56;
	objects = {

/* Begin PBXBuildFile section */
		B7C8DD182D10D1FD009FAA2E /* GoogleService-Info.plist in Resources */ = {isa = PBXBuildFile; fileRef = B7C8DD172D10D1FD009FAA2E /* GoogleService-Info.plist */; };
		B7C8DD1B2D10D2AA009FAA2E /* FirebaseAnalytics in Frameworks */ = {isa = PBXBuildFile; productRef = B7C8DD1A2D10D2AA009FAA2E /* FirebaseAnalytics */; };
		B7C8DD1D2D10D2AA009FAA2E /* FirebaseAnalyticsOnDeviceConversion in Frameworks */ = {isa = PBXBuildFile; productRef = B7C8DD1C2D10D2AA009FAA2E /* FirebaseAnalyticsOnDeviceConversion */; };
		B7C8DD1F2D10D2AA009FAA2E /* FirebaseAnalyticsWithoutAdIdSupport in Frameworks */ = {isa = PBXBuildFile; productRef = B7C8DD1E2D10D2AA009FAA2E /* FirebaseAnalyticsWithoutAdIdSupport */; };
		B7C8DD212D10D2AA009FAA2E /* FirebaseAppCheck in Frameworks */ = {isa = PBXBuildFile; productRef = B7C8DD202D10D2AA009FAA2E /* FirebaseAppCheck */; };
		B7C8DD232D10D2AA009FAA2E /* FirebaseAppDistribution-Beta in Frameworks */ = {isa = PBXBuildFile; productRef = B7C8DD222D10D2AA009FAA2E /* FirebaseAppDistribution-Beta */; };
		B7C8DD252D10D33A009FAA2E /* RegisterViewModel.swift in Sources */ = {isa = PBXBuildFile; fileRef = B7C8DD242D10D33A009FAA2E /* RegisterViewModel.swift */; };
		B7C8DD272D10D387009FAA2E /* RegisterView.swift in Sources */ = {isa = PBXBuildFile; fileRef = B7C8DD262D10D387009FAA2E /* RegisterView.swift */; };
		B7C8DD292D10D4ED009FAA2E /* LoginView.swift in Sources */ = {isa = PBXBuildFile; fileRef = B7C8DD282D10D4ED009FAA2E /* LoginView.swift */; };
		B7C8DD2B2D10D525009FAA2E /* LoginViewModel.swift in Sources */ = {isa = PBXBuildFile; fileRef = B7C8DD2A2D10D525009FAA2E /* LoginViewModel.swift */; };
		B7C8DD2E2D10D6CA009FAA2E /* FirebaseAuth in Frameworks */ = {isa = PBXBuildFile; productRef = B7C8DD2D2D10D6CA009FAA2E /* FirebaseAuth */; };
		B7C8DD302D10D729009FAA2E /* FirebaseAnalytics in Frameworks */ = {isa = PBXBuildFile; productRef = B7C8DD2F2D10D729009FAA2E /* FirebaseAnalytics */; };
		B7C8DD322D10D729009FAA2E /* FirebaseAnalyticsOnDeviceConversion in Frameworks */ = {isa = PBXBuildFile; productRef = B7C8DD312D10D729009FAA2E /* FirebaseAnalyticsOnDeviceConversion */; };
		B7C8DD342D10D729009FAA2E /* FirebaseAnalyticsWithoutAdIdSupport in Frameworks */ = {isa = PBXBuildFile; productRef = B7C8DD332D10D729009FAA2E /* FirebaseAnalyticsWithoutAdIdSupport */; };
		B7C8DD362D10D729009FAA2E /* FirebaseAppCheck in Frameworks */ = {isa = PBXBuildFile; productRef = B7C8DD352D10D729009FAA2E /* FirebaseAppCheck */; };
		B7C8DD382D10D729009FAA2E /* FirebaseAppDistribution-Beta in Frameworks */ = {isa = PBXBuildFile; productRef = B7C8DD372D10D729009FAA2E /* FirebaseAppDistribution-Beta */; };
		B7C8DD3A2D10D729009FAA2E /* FirebaseAuth in Frameworks */ = {isa = PBXBuildFile; productRef = B7C8DD392D10D729009FAA2E /* FirebaseAuth */; };
		B7C8DD3C2D10D729009FAA2E /* FirebaseAuthCombine-Community in Frameworks */ = {isa = PBXBuildFile; productRef = B7C8DD3B2D10D729009FAA2E /* FirebaseAuthCombine-Community */; };
		B7C8DD3E2D10D729009FAA2E /* FirebaseCore in Frameworks */ = {isa = PBXBuildFile; productRef = B7C8DD3D2D10D729009FAA2E /* FirebaseCore */; };
		B7C8DD402D10D729009FAA2E /* FirebaseCrashlytics in Frameworks */ = {isa = PBXBuildFile; productRef = B7C8DD3F2D10D729009FAA2E /* FirebaseCrashlytics */; };
		B7C8DD422D10D729009FAA2E /* FirebaseDatabase in Frameworks */ = {isa = PBXBuildFile; productRef = B7C8DD412D10D729009FAA2E /* FirebaseDatabase */; };
		B7C8DD442D10D729009FAA2E /* FirebaseDynamicLinks in Frameworks */ = {isa = PBXBuildFile; productRef = B7C8DD432D10D729009FAA2E /* FirebaseDynamicLinks */; };
		B7C8DD462D10D729009FAA2E /* FirebaseFirestore in Frameworks */ = {isa = PBXBuildFile; productRef = B7C8DD452D10D729009FAA2E /* FirebaseFirestore */; };
		B7C8DD482D10D729009FAA2E /* FirebaseFirestoreCombine-Community in Frameworks */ = {isa = PBXBuildFile; productRef = B7C8DD472D10D729009FAA2E /* FirebaseFirestoreCombine-Community */; };
		B7C8DD4A2D10D729009FAA2E /* FirebaseFunctions in Frameworks */ = {isa = PBXBuildFile; productRef = B7C8DD492D10D729009FAA2E /* FirebaseFunctions */; };
		B7C8DD4C2D10D729009FAA2E /* FirebaseFunctionsCombine-Community in Frameworks */ = {isa = PBXBuildFile; productRef = B7C8DD4B2D10D729009FAA2E /* FirebaseFunctionsCombine-Community */; };
		B7C8DD4E2D10D729009FAA2E /* FirebaseInAppMessaging-Beta in Frameworks */ = {isa = PBXBuildFile; productRef = B7C8DD4D2D10D729009FAA2E /* FirebaseInAppMessaging-Beta */; };
		B7C8DD502D10D729009FAA2E /* FirebaseInstallations in Frameworks */ = {isa = PBXBuildFile; productRef = B7C8DD4F2D10D729009FAA2E /* FirebaseInstallations */; };
		B7C8DD522D10D729009FAA2E /* FirebaseMLModelDownloader in Frameworks */ = {isa = PBXBuildFile; productRef = B7C8DD512D10D729009FAA2E /* FirebaseMLModelDownloader */; };
		B7C8DD542D10D729009FAA2E /* FirebaseMessaging in Frameworks */ = {isa = PBXBuildFile; productRef = B7C8DD532D10D729009FAA2E /* FirebaseMessaging */; };
		B7C8DD562D10D729009FAA2E /* FirebasePerformance in Frameworks */ = {isa = PBXBuildFile; productRef = B7C8DD552D10D729009FAA2E /* FirebasePerformance */; };
		B7C8DD582D10D729009FAA2E /* FirebaseRemoteConfig in Frameworks */ = {isa = PBXBuildFile; productRef = B7C8DD572D10D729009FAA2E /* FirebaseRemoteConfig */; };
		B7C8DD5A2D10D729009FAA2E /* FirebaseStorage in Frameworks */ = {isa = PBXBuildFile; productRef = B7C8DD592D10D729009FAA2E /* FirebaseStorage */; };
		B7C8DD5C2D10D729009FAA2E /* FirebaseStorageCombine-Community in Frameworks */ = {isa = PBXBuildFile; productRef = B7C8DD5B2D10D729009FAA2E /* FirebaseStorageCombine-Community */; };
		B7C8DD5E2D10D729009FAA2E /* FirebaseVertexAI in Frameworks */ = {isa = PBXBuildFile; productRef = B7C8DD5D2D10D729009FAA2E /* FirebaseVertexAI */; };
		B7FF40372D0DFB5700457101 /* AppMovilApp.swift in Sources */ = {isa = PBXBuildFile; fileRef = B7FF40362D0DFB5700457101 /* AppMovilApp.swift */; };
		B7FF403B2D0DFB5800457101 /* Assets.xcassets in Resources */ = {isa = PBXBuildFile; fileRef = B7FF403A2D0DFB5800457101 /* Assets.xcassets */; };
		B7FF403E2D0DFB5800457101 /* Preview Assets.xcassets in Resources */ = {isa = PBXBuildFile; fileRef = B7FF403D2D0DFB5800457101 /* Preview Assets.xcassets */; };
		B7FF40402D0DFB5800457101 /* PersistenceController.swift in Sources */ = {isa = PBXBuildFile; fileRef = B7FF403F2D0DFB5800457101 /* PersistenceController.swift */; };
		B7FF40432D0DFB5800457101 /* AppMovil.xcdatamodeld in Sources */ = {isa = PBXBuildFile; fileRef = B7FF40412D0DFB5800457101 /* AppMovil.xcdatamodeld */; };
		B7FF404E2D0DFD9700457101 /* TaskEntity.swift in Sources */ = {isa = PBXBuildFile; fileRef = B7FF404D2D0DFD9700457101 /* TaskEntity.swift */; };
		B7FF40502D0DFE7B00457101 /* Note.swift in Sources */ = {isa = PBXBuildFile; fileRef = B7FF404F2D0DFE7B00457101 /* Note.swift */; };
		B7FF40522D0DFE9D00457101 /* TaskListViewModel.swift in Sources */ = {isa = PBXBuildFile; fileRef = B7FF40512D0DFE9D00457101 /* TaskListViewModel.swift */; };
		B7FF40542D0DFED500457101 /* NoteListViewModel.swift in Sources */ = {isa = PBXBuildFile; fileRef = B7FF40532D0DFED500457101 /* NoteListViewModel.swift */; };
		B7FF40562D0DFF9700457101 /* TaskListView.swift in Sources */ = {isa = PBXBuildFile; fileRef = B7FF40552D0DFF9700457101 /* TaskListView.swift */; };
		B7FF40582D0DFFAE00457101 /* NoteListView.swift in Sources */ = {isa = PBXBuildFile; fileRef = B7FF40572D0DFFAE00457101 /* NoteListView.swift */; };
		B7FF405C2D0E02D300457101 /* HomeView.swift in Sources */ = {isa = PBXBuildFile; fileRef = B7FF405B2D0E02D300457101 /* HomeView.swift */; };
		B7FF405E2D0E056C00457101 /* NewNoteView.swift in Sources */ = {isa = PBXBuildFile; fileRef = B7FF405D2D0E056C00457101 /* NewNoteView.swift */; };
		B7FF40602D0E05A200457101 /* DetailNoteView.swift in Sources */ = {isa = PBXBuildFile; fileRef = B7FF405F2D0E05A200457101 /* DetailNoteView.swift */; };
		B7FF40662D0E234C00457101 /* TaskDetailView.swift in Sources */ = {isa = PBXBuildFile; fileRef = B7FF40652D0E234C00457101 /* TaskDetailView.swift */; };
/* End PBXBuildFile section */

/* Begin PBXFileReference section */
		B7C8DD172D10D1FD009FAA2E /* GoogleService-Info.plist */ = {isa = PBXFileReference; fileEncoding = 4; lastKnownFileType = text.plist.xml; path = "GoogleService-Info.plist"; sourceTree = "<group>"; };
		B7C8DD242D10D33A009FAA2E /* RegisterViewModel.swift */ = {isa = PBXFileReference; lastKnownFileType = sourcecode.swift; path = RegisterViewModel.swift; sourceTree = "<group>"; };
		B7C8DD262D10D387009FAA2E /* RegisterView.swift */ = {isa = PBXFileReference; lastKnownFileType = sourcecode.swift; path = RegisterView.swift; sourceTree = "<group>"; };
		B7C8DD282D10D4ED009FAA2E /* LoginView.swift */ = {isa = PBXFileReference; lastKnownFileType = sourcecode.swift; path = LoginView.swift; sourceTree = "<group>"; };
		B7C8DD2A2D10D525009FAA2E /* LoginViewModel.swift */ = {isa = PBXFileReference; lastKnownFileType = sourcecode.swift; path = LoginViewModel.swift; sourceTree = "<group>"; };
		B7FF40332D0DFB5700457101 /* AppMovil.app */ = {isa = PBXFileReference; explicitFileType = wrapper.application; includeInIndex = 0; path = AppMovil.app; sourceTree = BUILT_PRODUCTS_DIR; };
		B7FF40362D0DFB5700457101 /* AppMovilApp.swift */ = {isa = PBXFileReference; lastKnownFileType = sourcecode.swift; path = AppMovilApp.swift; sourceTree = "<group>"; };
		B7FF403A2D0DFB5800457101 /* Assets.xcassets */ = {isa = PBXFileReference; lastKnownFileType = folder.assetcatalog; path = Assets.xcassets; sourceTree = "<group>"; };
		B7FF403D2D0DFB5800457101 /* Preview Assets.xcassets */ = {isa = PBXFileReference; lastKnownFileType = folder.assetcatalog; path = "Preview Assets.xcassets"; sourceTree = "<group>"; };
		B7FF403F2D0DFB5800457101 /* PersistenceController.swift */ = {isa = PBXFileReference; lastKnownFileType = sourcecode.swift; path = PersistenceController.swift; sourceTree = "<group>"; };
		B7FF40422D0DFB5800457101 /* AppMovil.xcdatamodel */ = {isa = PBXFileReference; lastKnownFileType = wrapper.xcdatamodel; path = AppMovil.xcdatamodel; sourceTree = "<group>"; };
		B7FF404D2D0DFD9700457101 /* TaskEntity.swift */ = {isa = PBXFileReference; lastKnownFileType = sourcecode.swift; path = TaskEntity.swift; sourceTree = "<group>"; };
		B7FF404F2D0DFE7B00457101 /* Note.swift */ = {isa = PBXFileReference; lastKnownFileType = sourcecode.swift; path = Note.swift; sourceTree = "<group>"; };
		B7FF40512D0DFE9D00457101 /* TaskListViewModel.swift */ = {isa = PBXFileReference; lastKnownFileType = sourcecode.swift; path = TaskListViewModel.swift; sourceTree = "<group>"; };
		B7FF40532D0DFED500457101 /* NoteListViewModel.swift */ = {isa = PBXFileReference; lastKnownFileType = sourcecode.swift; path = NoteListViewModel.swift; sourceTree = "<group>"; };
		B7FF40552D0DFF9700457101 /* TaskListView.swift */ = {isa = PBXFileReference; lastKnownFileType = sourcecode.swift; path = TaskListView.swift; sourceTree = "<group>"; };
		B7FF40572D0DFFAE00457101 /* NoteListView.swift */ = {isa = PBXFileReference; lastKnownFileType = sourcecode.swift; path = NoteListView.swift; sourceTree = "<group>"; };
		B7FF405B2D0E02D300457101 /* HomeView.swift */ = {isa = PBXFileReference; lastKnownFileType = sourcecode.swift; path = HomeView.swift; sourceTree = "<group>"; };
		B7FF405D2D0E056C00457101 /* NewNoteView.swift */ = {isa = PBXFileReference; lastKnownFileType = sourcecode.swift; path = NewNoteView.swift; sourceTree = "<group>"; };
		B7FF405F2D0E05A200457101 /* DetailNoteView.swift */ = {isa = PBXFileReference; lastKnownFileType = sourcecode.swift; path = DetailNoteView.swift; sourceTree = "<group>"; };
		B7FF40652D0E234C00457101 /* TaskDetailView.swift */ = {isa = PBXFileReference; lastKnownFileType = sourcecode.swift; path = TaskDetailView.swift; sourceTree = "<group>"; };
/* End PBXFileReference section */

/* Begin PBXFrameworksBuildPhase section */
		B7FF40302D0DFB5700457101 /* Frameworks */ = {
			isa = PBXFrameworksBuildPhase;
			buildActionMask = 2147483647;
			files = (
				B7C8DD482D10D729009FAA2E /* FirebaseFirestoreCombine-Community in Frameworks */,
				B7C8DD302D10D729009FAA2E /* FirebaseAnalytics in Frameworks */,
				B7C8DD212D10D2AA009FAA2E /* FirebaseAppCheck in Frameworks */,
				B7C8DD522D10D729009FAA2E /* FirebaseMLModelDownloader in Frameworks */,
				B7C8DD2E2D10D6CA009FAA2E /* FirebaseAuth in Frameworks */,
				B7C8DD1B2D10D2AA009FAA2E /* FirebaseAnalytics in Frameworks */,
				B7C8DD502D10D729009FAA2E /* FirebaseInstallations in Frameworks */,
				B7C8DD5E2D10D729009FAA2E /* FirebaseVertexAI in Frameworks */,
				B7C8DD542D10D729009FAA2E /* FirebaseMessaging in Frameworks */,
				B7C8DD3E2D10D729009FAA2E /* FirebaseCore in Frameworks */,
				B7C8DD582D10D729009FAA2E /* FirebaseRemoteConfig in Frameworks */,
				B7C8DD462D10D729009FAA2E /* FirebaseFirestore in Frameworks */,
				B7C8DD562D10D729009FAA2E /* FirebasePerformance in Frameworks */,
				B7C8DD4A2D10D729009FAA2E /* FirebaseFunctions in Frameworks */,
				B7C8DD442D10D729009FAA2E /* FirebaseDynamicLinks in Frameworks */,
				B7C8DD3C2D10D729009FAA2E /* FirebaseAuthCombine-Community in Frameworks */,
				B7C8DD422D10D729009FAA2E /* FirebaseDatabase in Frameworks */,
				B7C8DD232D10D2AA009FAA2E /* FirebaseAppDistribution-Beta in Frameworks */,
				B7C8DD1F2D10D2AA009FAA2E /* FirebaseAnalyticsWithoutAdIdSupport in Frameworks */,
				B7C8DD1D2D10D2AA009FAA2E /* FirebaseAnalyticsOnDeviceConversion in Frameworks */,
				B7C8DD4C2D10D729009FAA2E /* FirebaseFunctionsCombine-Community in Frameworks */,
				B7C8DD3A2D10D729009FAA2E /* FirebaseAuth in Frameworks */,
				B7C8DD342D10D729009FAA2E /* FirebaseAnalyticsWithoutAdIdSupport in Frameworks */,
				B7C8DD4E2D10D729009FAA2E /* FirebaseInAppMessaging-Beta in Frameworks */,
				B7C8DD362D10D729009FAA2E /* FirebaseAppCheck in Frameworks */,
				B7C8DD402D10D729009FAA2E /* FirebaseCrashlytics in Frameworks */,
				B7C8DD5A2D10D729009FAA2E /* FirebaseStorage in Frameworks */,
				B7C8DD382D10D729009FAA2E /* FirebaseAppDistribution-Beta in Frameworks */,
				B7C8DD5C2D10D729009FAA2E /* FirebaseStorageCombine-Community in Frameworks */,
				B7C8DD322D10D729009FAA2E /* FirebaseAnalyticsOnDeviceConversion in Frameworks */,
			);
			runOnlyForDeploymentPostprocessing = 0;
		};
/* End PBXFrameworksBuildPhase section */

/* Begin PBXGroup section */
		B7C8DD2C2D10D6CA009FAA2E /* Frameworks */ = {
			isa = PBXGroup;
			children = (
			);
			name = Frameworks;
			sourceTree = "<group>";
		};
		B7FF402A2D0DFB5700457101 = {
			isa = PBXGroup;
			children = (
				B7FF40352D0DFB5700457101 /* AppMovil */,
				B7FF40342D0DFB5700457101 /* Products */,
				B7C8DD2C2D10D6CA009FAA2E /* Frameworks */,
			);
			sourceTree = "<group>";
		};
		B7FF40342D0DFB5700457101 /* Products */ = {
			isa = PBXGroup;
			children = (
				B7FF40332D0DFB5700457101 /* AppMovil.app */,
			);
			name = Products;
			sourceTree = "<group>";
		};
		B7FF40352D0DFB5700457101 /* AppMovil */ = {
			isa = PBXGroup;
			children = (
				B7C8DD172D10D1FD009FAA2E /* GoogleService-Info.plist */,
				B7FF404C2D0DFC2A00457101 /* View */,
				B7FF404B2D0DFC1700457101 /* ViewModels */,
				B7FF404A2D0DFC0600457101 /* Models */,
				B7FF40492D0DFBF800457101 /* Service */,
				B7FF40362D0DFB5700457101 /* AppMovilApp.swift */,
				B7FF403A2D0DFB5800457101 /* Assets.xcassets */,
				B7FF40412D0DFB5800457101 /* AppMovil.xcdatamodeld */,
				B7FF403C2D0DFB5800457101 /* Preview Content */,
			);
			path = AppMovil;
			sourceTree = "<group>";
		};
		B7FF403C2D0DFB5800457101 /* Preview Content */ = {
			isa = PBXGroup;
			children = (
				B7FF403D2D0DFB5800457101 /* Preview Assets.xcassets */,
			);
			path = "Preview Content";
			sourceTree = "<group>";
		};
		B7FF40492D0DFBF800457101 /* Service */ = {
			isa = PBXGroup;
			children = (
				B7FF403F2D0DFB5800457101 /* PersistenceController.swift */,
			);
			path = Service;
			sourceTree = "<group>";
		};
		B7FF404A2D0DFC0600457101 /* Models */ = {
			isa = PBXGroup;
			children = (
				B7FF404D2D0DFD9700457101 /* TaskEntity.swift */,
				B7FF404F2D0DFE7B00457101 /* Note.swift */,
			);
			name = Models;
			sourceTree = "<group>";
		};
		B7FF404B2D0DFC1700457101 /* ViewModels */ = {
			isa = PBXGroup;
			children = (
				B7FF40512D0DFE9D00457101 /* TaskListViewModel.swift */,
				B7FF40532D0DFED500457101 /* NoteListViewModel.swift */,
				B7C8DD242D10D33A009FAA2E /* RegisterViewModel.swift */,
				B7C8DD2A2D10D525009FAA2E /* LoginViewModel.swift */,
			);
			path = ViewModels;
			sourceTree = "<group>";
		};
		B7FF404C2D0DFC2A00457101 /* View */ = {
			isa = PBXGroup;
			children = (
				B7FF40552D0DFF9700457101 /* TaskListView.swift */,
				B7FF40572D0DFFAE00457101 /* NoteListView.swift */,
				B7FF405B2D0E02D300457101 /* HomeView.swift */,
				B7FF405D2D0E056C00457101 /* NewNoteView.swift */,
				B7FF405F2D0E05A200457101 /* DetailNoteView.swift */,
				B7FF40652D0E234C00457101 /* TaskDetailView.swift */,
				B7C8DD262D10D387009FAA2E /* RegisterView.swift */,
				B7C8DD282D10D4ED009FAA2E /* LoginView.swift */,
			);
			path = View;
			sourceTree = "<group>";
		};
/* End PBXGroup section */

/* Begin PBXNativeTarget section */
		B7FF40322D0DFB5700457101 /* AppMovil */ = {
			isa = PBXNativeTarget;
			buildConfigurationList = B7FF40462D0DFB5800457101 /* Build configuration list for PBXNativeTarget "AppMovil" */;
			buildPhases = (
				B7FF402F2D0DFB5700457101 /* Sources */,
				B7FF40302D0DFB5700457101 /* Frameworks */,
				B7FF40312D0DFB5700457101 /* Resources */,
			);
			buildRules = (
			);
			dependencies = (
			);
			name = AppMovil;
			packageProductDependencies = (
				B7C8DD1A2D10D2AA009FAA2E /* FirebaseAnalytics */,
				B7C8DD1C2D10D2AA009FAA2E /* FirebaseAnalyticsOnDeviceConversion */,
				B7C8DD1E2D10D2AA009FAA2E /* FirebaseAnalyticsWithoutAdIdSupport */,
				B7C8DD202D10D2AA009FAA2E /* FirebaseAppCheck */,
				B7C8DD222D10D2AA009FAA2E /* FirebaseAppDistribution-Beta */,
				B7C8DD2D2D10D6CA009FAA2E /* FirebaseAuth */,
				B7C8DD2F2D10D729009FAA2E /* FirebaseAnalytics */,
				B7C8DD312D10D729009FAA2E /* FirebaseAnalyticsOnDeviceConversion */,
				B7C8DD332D10D729009FAA2E /* FirebaseAnalyticsWithoutAdIdSupport */,
				B7C8DD352D10D729009FAA2E /* FirebaseAppCheck */,
				B7C8DD372D10D729009FAA2E /* FirebaseAppDistribution-Beta */,
				B7C8DD392D10D729009FAA2E /* FirebaseAuth */,
				B7C8DD3B2D10D729009FAA2E /* FirebaseAuthCombine-Community */,
				B7C8DD3D2D10D729009FAA2E /* FirebaseCore */,
				B7C8DD3F2D10D729009FAA2E /* FirebaseCrashlytics */,
				B7C8DD412D10D729009FAA2E /* FirebaseDatabase */,
				B7C8DD432D10D729009FAA2E /* FirebaseDynamicLinks */,
				B7C8DD452D10D729009FAA2E /* FirebaseFirestore */,
				B7C8DD472D10D729009FAA2E /* FirebaseFirestoreCombine-Community */,
				B7C8DD492D10D729009FAA2E /* FirebaseFunctions */,
				B7C8DD4B2D10D729009FAA2E /* FirebaseFunctionsCombine-Community */,
				B7C8DD4D2D10D729009FAA2E /* FirebaseInAppMessaging-Beta */,
				B7C8DD4F2D10D729009FAA2E /* FirebaseInstallations */,
				B7C8DD512D10D729009FAA2E /* FirebaseMLModelDownloader */,
				B7C8DD532D10D729009FAA2E /* FirebaseMessaging */,
				B7C8DD552D10D729009FAA2E /* FirebasePerformance */,
				B7C8DD572D10D729009FAA2E /* FirebaseRemoteConfig */,
				B7C8DD592D10D729009FAA2E /* FirebaseStorage */,
				B7C8DD5B2D10D729009FAA2E /* FirebaseStorageCombine-Community */,
				B7C8DD5D2D10D729009FAA2E /* FirebaseVertexAI */,
			);
			productName = AppMovil;
			productReference = B7FF40332D0DFB5700457101 /* AppMovil.app */;
			productType = "com.apple.product-type.application";
		};
/* End PBXNativeTarget section */

/* Begin PBXProject section */
		B7FF402B2D0DFB5700457101 /* Project object */ = {
			isa = PBXProject;
			attributes = {
				BuildIndependentTargetsInParallel = 1;
				LastSwiftUpdateCheck = 1520;
				LastUpgradeCheck = 1520;
				TargetAttributes = {
					B7FF40322D0DFB5700457101 = {
						CreatedOnToolsVersion = 15.2;
					};
				};
			};
			buildConfigurationList = B7FF402E2D0DFB5700457101 /* Build configuration list for PBXProject "AppMovil" */;
			compatibilityVersion = "Xcode 14.0";
			developmentRegion = en;
			hasScannedForEncodings = 0;
			knownRegions = (
				en,
				Base,
			);
			mainGroup = B7FF402A2D0DFB5700457101;
			packageReferences = (
				B7C8DD192D10D2AA009FAA2E /* XCRemoteSwiftPackageReference "firebase-ios-sdk" */,
			);
			productRefGroup = B7FF40342D0DFB5700457101 /* Products */;
			projectDirPath = "";
			projectRoot = "";
			targets = (
				B7FF40322D0DFB5700457101 /* AppMovil */,
			);
		};
/* End PBXProject section */

/* Begin PBXResourcesBuildPhase section */
		B7FF40312D0DFB5700457101 /* Resources */ = {
			isa = PBXResourcesBuildPhase;
			buildActionMask = 2147483647;
			files = (
				B7FF403E2D0DFB5800457101 /* Preview Assets.xcassets in Resources */,
				B7FF403B2D0DFB5800457101 /* Assets.xcassets in Resources */,
				B7C8DD182D10D1FD009FAA2E /* GoogleService-Info.plist in Resources */,
			);
			runOnlyForDeploymentPostprocessing = 0;
		};
/* End PBXResourcesBuildPhase section */

/* Begin PBXSourcesBuildPhase section */
		B7FF402F2D0DFB5700457101 /* Sources */ = {
			isa = PBXSourcesBuildPhase;
			buildActionMask = 2147483647;
			files = (
				B7FF40662D0E234C00457101 /* TaskDetailView.swift in Sources */,
				B7FF40502D0DFE7B00457101 /* Note.swift in Sources */,
				B7FF404E2D0DFD9700457101 /* TaskEntity.swift in Sources */,
				B7FF40582D0DFFAE00457101 /* NoteListView.swift in Sources */,
				B7FF405C2D0E02D300457101 /* HomeView.swift in Sources */,
				B7FF40402D0DFB5800457101 /* PersistenceController.swift in Sources */,
				B7C8DD272D10D387009FAA2E /* RegisterView.swift in Sources */,
				B7FF405E2D0E056C00457101 /* NewNoteView.swift in Sources */,
				B7FF40432D0DFB5800457101 /* AppMovil.xcdatamodeld in Sources */,
				B7FF40602D0E05A200457101 /* DetailNoteView.swift in Sources */,
				B7C8DD2B2D10D525009FAA2E /* LoginViewModel.swift in Sources */,
				B7C8DD252D10D33A009FAA2E /* RegisterViewModel.swift in Sources */,
				B7FF40372D0DFB5700457101 /* AppMovilApp.swift in Sources */,
				B7FF40542D0DFED500457101 /* NoteListViewModel.swift in Sources */,
				B7FF40522D0DFE9D00457101 /* TaskListViewModel.swift in Sources */,
				B7C8DD292D10D4ED009FAA2E /* LoginView.swift in Sources */,
				B7FF40562D0DFF9700457101 /* TaskListView.swift in Sources */,
			);
			runOnlyForDeploymentPostprocessing = 0;
		};
/* End PBXSourcesBuildPhase section */

/* Begin XCBuildConfiguration section */
		B7FF40442D0DFB5800457101 /* Debug */ = {
			isa = XCBuildConfiguration;
			buildSettings = {
				ALWAYS_SEARCH_USER_PATHS = NO;
				ASSETCATALOG_COMPILER_GENERATE_SWIFT_ASSET_SYMBOL_EXTENSIONS = YES;
				CLANG_ANALYZER_NONNULL = YES;
				CLANG_ANALYZER_NUMBER_OBJECT_CONVERSION = YES_AGGRESSIVE;
				CLANG_CXX_LANGUAGE_STANDARD = "gnu++20";
				CLANG_ENABLE_MODULES = YES;
				CLANG_ENABLE_OBJC_ARC = YES;
				CLANG_ENABLE_OBJC_WEAK = YES;
				CLANG_WARN_BLOCK_CAPTURE_AUTORELEASING = YES;
				CLANG_WARN_BOOL_CONVERSION = YES;
				CLANG_WARN_COMMA = YES;
				CLANG_WARN_CONSTANT_CONVERSION = YES;
				CLANG_WARN_DEPRECATED_OBJC_IMPLEMENTATIONS = YES;
				CLANG_WARN_DIRECT_OBJC_ISA_USAGE = YES_ERROR;
				CLANG_WARN_DOCUMENTATION_COMMENTS = YES;
				CLANG_WARN_EMPTY_BODY = YES;
				CLANG_WARN_ENUM_CONVERSION = YES;
				CLANG_WARN_INFINITE_RECURSION = YES;
				CLANG_WARN_INT_CONVERSION = YES;
				CLANG_WARN_NON_LITERAL_NULL_CONVERSION = YES;
				CLANG_WARN_OBJC_IMPLICIT_RETAIN_SELF = YES;
				CLANG_WARN_OBJC_LITERAL_CONVERSION = YES;
				CLANG_WARN_OBJC_ROOT_CLASS = YES_ERROR;
				CLANG_WARN_QUOTED_INCLUDE_IN_FRAMEWORK_HEADER = YES;
				CLANG_WARN_RANGE_LOOP_ANALYSIS = YES;
				CLANG_WARN_STRICT_PROTOTYPES = YES;
				CLANG_WARN_SUSPICIOUS_MOVE = YES;
				CLANG_WARN_UNGUARDED_AVAILABILITY = YES_AGGRESSIVE;
				CLANG_WARN_UNREACHABLE_CODE = YES;
				CLANG_WARN__DUPLICATE_METHOD_MATCH = YES;
				COPY_PHASE_STRIP = NO;
				DEBUG_INFORMATION_FORMAT = dwarf;
				ENABLE_STRICT_OBJC_MSGSEND = YES;
				ENABLE_TESTABILITY = YES;
				ENABLE_USER_SCRIPT_SANDBOXING = YES;
				GCC_C_LANGUAGE_STANDARD = gnu17;
				GCC_DYNAMIC_NO_PIC = NO;
				GCC_NO_COMMON_BLOCKS = YES;
				GCC_OPTIMIZATION_LEVEL = 0;
				GCC_PREPROCESSOR_DEFINITIONS = (
					"DEBUG=1",
					"$(inherited)",
				);
				GCC_WARN_64_TO_32_BIT_CONVERSION = YES;
				GCC_WARN_ABOUT_RETURN_TYPE = YES_ERROR;
				GCC_WARN_UNDECLARED_SELECTOR = YES;
				GCC_WARN_UNINITIALIZED_AUTOS = YES_AGGRESSIVE;
				GCC_WARN_UNUSED_FUNCTION = YES;
				GCC_WARN_UNUSED_VARIABLE = YES;
				IPHONEOS_DEPLOYMENT_TARGET = 17.2;
				LOCALIZATION_PREFERS_STRING_CATALOGS = YES;
				MTL_ENABLE_DEBUG_INFO = INCLUDE_SOURCE;
				MTL_FAST_MATH = YES;
				ONLY_ACTIVE_ARCH = YES;
				SDKROOT = iphoneos;
				SWIFT_ACTIVE_COMPILATION_CONDITIONS = "DEBUG $(inherited)";
				SWIFT_OPTIMIZATION_LEVEL = "-Onone";
			};
			name = Debug;
		};
		B7FF40452D0DFB5800457101 /* Release */ = {
			isa = XCBuildConfiguration;
			buildSettings = {
				ALWAYS_SEARCH_USER_PATHS = NO;
				ASSETCATALOG_COMPILER_GENERATE_SWIFT_ASSET_SYMBOL_EXTENSIONS = YES;
				CLANG_ANALYZER_NONNULL = YES;
				CLANG_ANALYZER_NUMBER_OBJECT_CONVERSION = YES_AGGRESSIVE;
				CLANG_CXX_LANGUAGE_STANDARD = "gnu++20";
				CLANG_ENABLE_MODULES = YES;
				CLANG_ENABLE_OBJC_ARC = YES;
				CLANG_ENABLE_OBJC_WEAK = YES;
				CLANG_WARN_BLOCK_CAPTURE_AUTORELEASING = YES;
				CLANG_WARN_BOOL_CONVERSION = YES;
				CLANG_WARN_COMMA = YES;
				CLANG_WARN_CONSTANT_CONVERSION = YES;
				CLANG_WARN_DEPRECATED_OBJC_IMPLEMENTATIONS = YES;
				CLANG_WARN_DIRECT_OBJC_ISA_USAGE = YES_ERROR;
				CLANG_WARN_DOCUMENTATION_COMMENTS = YES;
				CLANG_WARN_EMPTY_BODY = YES;
				CLANG_WARN_ENUM_CONVERSION = YES;
				CLANG_WARN_INFINITE_RECURSION = YES;
				CLANG_WARN_INT_CONVERSION = YES;
				CLANG_WARN_NON_LITERAL_NULL_CONVERSION = YES;
				CLANG_WARN_OBJC_IMPLICIT_RETAIN_SELF = YES;
				CLANG_WARN_OBJC_LITERAL_CONVERSION = YES;
				CLANG_WARN_OBJC_ROOT_CLASS = YES_ERROR;
				CLANG_WARN_QUOTED_INCLUDE_IN_FRAMEWORK_HEADER = YES;
				CLANG_WARN_RANGE_LOOP_ANALYSIS = YES;
				CLANG_WARN_STRICT_PROTOTYPES = YES;
				CLANG_WARN_SUSPICIOUS_MOVE = YES;
				CLANG_WARN_UNGUARDED_AVAILABILITY = YES_AGGRESSIVE;
				CLANG_WARN_UNREACHABLE_CODE = YES;
				CLANG_WARN__DUPLICATE_METHOD_MATCH = YES;
				COPY_PHASE_STRIP = NO;
				DEBUG_INFORMATION_FORMAT = "dwarf-with-dsym";
				ENABLE_NS_ASSERTIONS = NO;
				ENABLE_STRICT_OBJC_MSGSEND = YES;
				ENABLE_USER_SCRIPT_SANDBOXING = YES;
				GCC_C_LANGUAGE_STANDARD = gnu17;
				GCC_NO_COMMON_BLOCKS = YES;
				GCC_WARN_64_TO_32_BIT_CONVERSION = YES;
				GCC_WARN_ABOUT_RETURN_TYPE = YES_ERROR;
				GCC_WARN_UNDECLARED_SELECTOR = YES;
				GCC_WARN_UNINITIALIZED_AUTOS = YES_AGGRESSIVE;
				GCC_WARN_UNUSED_FUNCTION = YES;
				GCC_WARN_UNUSED_VARIABLE = YES;
				IPHONEOS_DEPLOYMENT_TARGET = 17.2;
				LOCALIZATION_PREFERS_STRING_CATALOGS = YES;
				MTL_ENABLE_DEBUG_INFO = NO;
				MTL_FAST_MATH = YES;
				SDKROOT = iphoneos;
				SWIFT_COMPILATION_MODE = wholemodule;
				VALIDATE_PRODUCT = YES;
			};
			name = Release;
		};
		B7FF40472D0DFB5800457101 /* Debug */ = {
			isa = XCBuildConfiguration;
			buildSettings = {
				ASSETCATALOG_COMPILER_APPICON_NAME = AppIcon;
				ASSETCATALOG_COMPILER_GLOBAL_ACCENT_COLOR_NAME = AccentColor;
				CODE_SIGN_STYLE = Automatic;
				CURRENT_PROJECT_VERSION = 1;
				DEVELOPMENT_ASSET_PATHS = "\"AppMovil/Preview Content\"";
				ENABLE_PREVIEWS = YES;
				GENERATE_INFOPLIST_FILE = YES;
				INFOPLIST_KEY_UIApplicationSceneManifest_Generation = YES;
				INFOPLIST_KEY_UIApplicationSupportsIndirectInputEvents = YES;
				INFOPLIST_KEY_UILaunchScreen_Generation = YES;
				INFOPLIST_KEY_UISupportedInterfaceOrientations_iPad = "UIInterfaceOrientationPortrait UIInterfaceOrientationPortraitUpsideDown UIInterfaceOrientationLandscapeLeft UIInterfaceOrientationLandscapeRight";
				INFOPLIST_KEY_UISupportedInterfaceOrientations_iPhone = "UIInterfaceOrientationPortrait UIInterfaceOrientationLandscapeLeft UIInterfaceOrientationLandscapeRight";
				LD_RUNPATH_SEARCH_PATHS = (
					"$(inherited)",
					"@executable_path/Frameworks",
				);
				MARKETING_VERSION = 1.0;
				PRODUCT_BUNDLE_IDENTIFIER = com.cibertec.AppMovil;
				PRODUCT_NAME = "$(TARGET_NAME)";
				SWIFT_EMIT_LOC_STRINGS = YES;
				SWIFT_VERSION = 5.0;
				TARGETED_DEVICE_FAMILY = "1,2";
			};
			name = Debug;
		};
		B7FF40482D0DFB5800457101 /* Release */ = {
			isa = XCBuildConfiguration;
			buildSettings = {
				ASSETCATALOG_COMPILER_APPICON_NAME = AppIcon;
				ASSETCATALOG_COMPILER_GLOBAL_ACCENT_COLOR_NAME = AccentColor;
				CODE_SIGN_STYLE = Automatic;
				CURRENT_PROJECT_VERSION = 1;
				DEVELOPMENT_ASSET_PATHS = "\"AppMovil/Preview Content\"";
				ENABLE_PREVIEWS = YES;
				GENERATE_INFOPLIST_FILE = YES;
				INFOPLIST_KEY_UIApplicationSceneManifest_Generation = YES;
				INFOPLIST_KEY_UIApplicationSupportsIndirectInputEvents = YES;
				INFOPLIST_KEY_UILaunchScreen_Generation = YES;
				INFOPLIST_KEY_UISupportedInterfaceOrientations_iPad = "UIInterfaceOrientationPortrait UIInterfaceOrientationPortraitUpsideDown UIInterfaceOrientationLandscapeLeft UIInterfaceOrientationLandscapeRight";
				INFOPLIST_KEY_UISupportedInterfaceOrientations_iPhone = "UIInterfaceOrientationPortrait UIInterfaceOrientationLandscapeLeft UIInterfaceOrientationLandscapeRight";
				LD_RUNPATH_SEARCH_PATHS = (
					"$(inherited)",
					"@executable_path/Frameworks",
				);
				MARKETING_VERSION = 1.0;
				PRODUCT_BUNDLE_IDENTIFIER = com.cibertec.AppMovil;
				PRODUCT_NAME = "$(TARGET_NAME)";
				SWIFT_EMIT_LOC_STRINGS = YES;
				SWIFT_VERSION = 5.0;
				TARGETED_DEVICE_FAMILY = "1,2";
			};
			name = Release;
		};
/* End XCBuildConfiguration section */

/* Begin XCConfigurationList section */
		B7FF402E2D0DFB5700457101 /* Build configuration list for PBXProject "AppMovil" */ = {
			isa = XCConfigurationList;
			buildConfigurations = (
				B7FF40442D0DFB5800457101 /* Debug */,
				B7FF40452D0DFB5800457101 /* Release */,
			);
			defaultConfigurationIsVisible = 0;
			defaultConfigurationName = Release;
		};
		B7FF40462D0DFB5800457101 /* Build configuration list for PBXNativeTarget "AppMovil" */ = {
			isa = XCConfigurationList;
			buildConfigurations = (
				B7FF40472D0DFB5800457101 /* Debug */,
				B7FF40482D0DFB5800457101 /* Release */,
			);
			defaultConfigurationIsVisible = 0;
			defaultConfigurationName = Release;
		};
/* End XCConfigurationList section */

/* Begin XCRemoteSwiftPackageReference section */
		B7C8DD192D10D2AA009FAA2E /* XCRemoteSwiftPackageReference "firebase-ios-sdk" */ = {
			isa = XCRemoteSwiftPackageReference;
			repositoryURL = "https://github.com/firebase/firebase-ios-sdk";
			requirement = {
				kind = upToNextMajorVersion;
				minimumVersion = 11.6.0;
			};
		};
/* End XCRemoteSwiftPackageReference section */

/* Begin XCSwiftPackageProductDependency section */
		B7C8DD1A2D10D2AA009FAA2E /* FirebaseAnalytics */ = {
			isa = XCSwiftPackageProductDependency;
			package = B7C8DD192D10D2AA009FAA2E /* XCRemoteSwiftPackageReference "firebase-ios-sdk" */;
			productName = FirebaseAnalytics;
		};
		B7C8DD1C2D10D2AA009FAA2E /* FirebaseAnalyticsOnDeviceConversion */ = {
			isa = XCSwiftPackageProductDependency;
			package = B7C8DD192D10D2AA009FAA2E /* XCRemoteSwiftPackageReference "firebase-ios-sdk" */;
			productName = FirebaseAnalyticsOnDeviceConversion;
		};
		B7C8DD1E2D10D2AA009FAA2E /* FirebaseAnalyticsWithoutAdIdSupport */ = {
			isa = XCSwiftPackageProductDependency;
			package = B7C8DD192D10D2AA009FAA2E /* XCRemoteSwiftPackageReference "firebase-ios-sdk" */;
			productName = FirebaseAnalyticsWithoutAdIdSupport;
		};
		B7C8DD202D10D2AA009FAA2E /* FirebaseAppCheck */ = {
			isa = XCSwiftPackageProductDependency;
			package = B7C8DD192D10D2AA009FAA2E /* XCRemoteSwiftPackageReference "firebase-ios-sdk" */;
			productName = FirebaseAppCheck;
		};
		B7C8DD222D10D2AA009FAA2E /* FirebaseAppDistribution-Beta */ = {
			isa = XCSwiftPackageProductDependency;
			package = B7C8DD192D10D2AA009FAA2E /* XCRemoteSwiftPackageReference "firebase-ios-sdk" */;
			productName = "FirebaseAppDistribution-Beta";
		};
		B7C8DD2D2D10D6CA009FAA2E /* FirebaseAuth */ = {
			isa = XCSwiftPackageProductDependency;
			package = B7C8DD192D10D2AA009FAA2E /* XCRemoteSwiftPackageReference "firebase-ios-sdk" */;
			productName = FirebaseAuth;
		};
		B7C8DD2F2D10D729009FAA2E /* FirebaseAnalytics */ = {
			isa = XCSwiftPackageProductDependency;
			package = B7C8DD192D10D2AA009FAA2E /* XCRemoteSwiftPackageReference "firebase-ios-sdk" */;
			productName = FirebaseAnalytics;
		};
		B7C8DD312D10D729009FAA2E /* FirebaseAnalyticsOnDeviceConversion */ = {
			isa = XCSwiftPackageProductDependency;
			package = B7C8DD192D10D2AA009FAA2E /* XCRemoteSwiftPackageReference "firebase-ios-sdk" */;
			productName = FirebaseAnalyticsOnDeviceConversion;
		};
		B7C8DD332D10D729009FAA2E /* FirebaseAnalyticsWithoutAdIdSupport */ = {
			isa = XCSwiftPackageProductDependency;
			package = B7C8DD192D10D2AA009FAA2E /* XCRemoteSwiftPackageReference "firebase-ios-sdk" */;
			productName = FirebaseAnalyticsWithoutAdIdSupport;
		};
		B7C8DD352D10D729009FAA2E /* FirebaseAppCheck */ = {
			isa = XCSwiftPackageProductDependency;
			package = B7C8DD192D10D2AA009FAA2E /* XCRemoteSwiftPackageReference "firebase-ios-sdk" */;
			productName = FirebaseAppCheck;
		};
		B7C8DD372D10D729009FAA2E /* FirebaseAppDistribution-Beta */ = {
			isa = XCSwiftPackageProductDependency;
			package = B7C8DD192D10D2AA009FAA2E /* XCRemoteSwiftPackageReference "firebase-ios-sdk" */;
			productName = "FirebaseAppDistribution-Beta";
		};
		B7C8DD392D10D729009FAA2E /* FirebaseAuth */ = {
			isa = XCSwiftPackageProductDependency;
			package = B7C8DD192D10D2AA009FAA2E /* XCRemoteSwiftPackageReference "firebase-ios-sdk" */;
			productName = FirebaseAuth;
		};
		B7C8DD3B2D10D729009FAA2E /* FirebaseAuthCombine-Community */ = {
			isa = XCSwiftPackageProductDependency;
			package = B7C8DD192D10D2AA009FAA2E /* XCRemoteSwiftPackageReference "firebase-ios-sdk" */;
			productName = "FirebaseAuthCombine-Community";
		};
		B7C8DD3D2D10D729009FAA2E /* FirebaseCore */ = {
			isa = XCSwiftPackageProductDependency;
			package = B7C8DD192D10D2AA009FAA2E /* XCRemoteSwiftPackageReference "firebase-ios-sdk" */;
			productName = FirebaseCore;
		};
		B7C8DD3F2D10D729009FAA2E /* FirebaseCrashlytics */ = {
			isa = XCSwiftPackageProductDependency;
			package = B7C8DD192D10D2AA009FAA2E /* XCRemoteSwiftPackageReference "firebase-ios-sdk" */;
			productName = FirebaseCrashlytics;
		};
		B7C8DD412D10D729009FAA2E /* FirebaseDatabase */ = {
			isa = XCSwiftPackageProductDependency;
			package = B7C8DD192D10D2AA009FAA2E /* XCRemoteSwiftPackageReference "firebase-ios-sdk" */;
			productName = FirebaseDatabase;
		};
		B7C8DD432D10D729009FAA2E /* FirebaseDynamicLinks */ = {
			isa = XCSwiftPackageProductDependency;
			package = B7C8DD192D10D2AA009FAA2E /* XCRemoteSwiftPackageReference "firebase-ios-sdk" */;
			productName = FirebaseDynamicLinks;
		};
		B7C8DD452D10D729009FAA2E /* FirebaseFirestore */ = {
			isa = XCSwiftPackageProductDependency;
			package = B7C8DD192D10D2AA009FAA2E /* XCRemoteSwiftPackageReference "firebase-ios-sdk" */;
			productName = FirebaseFirestore;
		};
		B7C8DD472D10D729009FAA2E /* FirebaseFirestoreCombine-Community */ = {
			isa = XCSwiftPackageProductDependency;
			package = B7C8DD192D10D2AA009FAA2E /* XCRemoteSwiftPackageReference "firebase-ios-sdk" */;
			productName = "FirebaseFirestoreCombine-Community";
		};
		B7C8DD492D10D729009FAA2E /* FirebaseFunctions */ = {
			isa = XCSwiftPackageProductDependency;
			package = B7C8DD192D10D2AA009FAA2E /* XCRemoteSwiftPackageReference "firebase-ios-sdk" */;
			productName = FirebaseFunctions;
		};
		B7C8DD4B2D10D729009FAA2E /* FirebaseFunctionsCombine-Community */ = {
			isa = XCSwiftPackageProductDependency;
			package = B7C8DD192D10D2AA009FAA2E /* XCRemoteSwiftPackageReference "firebase-ios-sdk" */;
			productName = "FirebaseFunctionsCombine-Community";
		};
		B7C8DD4D2D10D729009FAA2E /* FirebaseInAppMessaging-Beta */ = {
			isa = XCSwiftPackageProductDependency;
			package = B7C8DD192D10D2AA009FAA2E /* XCRemoteSwiftPackageReference "firebase-ios-sdk" */;
			productName = "FirebaseInAppMessaging-Beta";
		};
		B7C8DD4F2D10D729009FAA2E /* FirebaseInstallations */ = {
			isa = XCSwiftPackageProductDependency;
			package = B7C8DD192D10D2AA009FAA2E /* XCRemoteSwiftPackageReference "firebase-ios-sdk" */;
			productName = FirebaseInstallations;
		};
		B7C8DD512D10D729009FAA2E /* FirebaseMLModelDownloader */ = {
			isa = XCSwiftPackageProductDependency;
			package = B7C8DD192D10D2AA009FAA2E /* XCRemoteSwiftPackageReference "firebase-ios-sdk" */;
			productName = FirebaseMLModelDownloader;
		};
		B7C8DD532D10D729009FAA2E /* FirebaseMessaging */ = {
			isa = XCSwiftPackageProductDependency;
			package = B7C8DD192D10D2AA009FAA2E /* XCRemoteSwiftPackageReference "firebase-ios-sdk" */;
			productName = FirebaseMessaging;
		};
		B7C8DD552D10D729009FAA2E /* FirebasePerformance */ = {
			isa = XCSwiftPackageProductDependency;
			package = B7C8DD192D10D2AA009FAA2E /* XCRemoteSwiftPackageReference "firebase-ios-sdk" */;
			productName = FirebasePerformance;
		};
		B7C8DD572D10D729009FAA2E /* FirebaseRemoteConfig */ = {
			isa = XCSwiftPackageProductDependency;
			package = B7C8DD192D10D2AA009FAA2E /* XCRemoteSwiftPackageReference "firebase-ios-sdk" */;
			productName = FirebaseRemoteConfig;
		};
		B7C8DD592D10D729009FAA2E /* FirebaseStorage */ = {
			isa = XCSwiftPackageProductDependency;
			package = B7C8DD192D10D2AA009FAA2E /* XCRemoteSwiftPackageReference "firebase-ios-sdk" */;
			productName = FirebaseStorage;
		};
		B7C8DD5B2D10D729009FAA2E /* FirebaseStorageCombine-Community */ = {
			isa = XCSwiftPackageProductDependency;
			package = B7C8DD192D10D2AA009FAA2E /* XCRemoteSwiftPackageReference "firebase-ios-sdk" */;
			productName = "FirebaseStorageCombine-Community";
		};
		B7C8DD5D2D10D729009FAA2E /* FirebaseVertexAI */ = {
			isa = XCSwiftPackageProductDependency;
			package = B7C8DD192D10D2AA009FAA2E /* XCRemoteSwiftPackageReference "firebase-ios-sdk" */;
			productName = FirebaseVertexAI;
		};
/* End XCSwiftPackageProductDependency section */

/* Begin XCVersionGroup section */
		B7FF40412D0DFB5800457101 /* AppMovil.xcdatamodeld */ = {
			isa = XCVersionGroup;
			children = (
				B7FF40422D0DFB5800457101 /* AppMovil.xcdatamodel */,
			);
			currentVersion = B7FF40422D0DFB5800457101 /* AppMovil.xcdatamodel */;
			path = AppMovil.xcdatamodeld;
			sourceTree = "<group>";
			versionGroupType = wrapper.xcdatamodel;
		};
/* End XCVersionGroup section */
	};
	rootObject = B7FF402B2D0DFB5700457101 /* Project object */;
}
